
Microsoft Visual Studio Solution File, Format Version 12.00
# Visual Studio Version 16
VisualStudioVersion = 16.0.29613.14
MinimumVisualStudioVersion = 10.0.40219.1
Project("{9A19103F-16F7-4668-BE54-9A1E7A4F7556}") = "DatabaseAccess", "DatabaseAccess\DatabaseAccess.csproj", "{B02EEFEE-82CC-42C1-9428-E26F205E20B0}"
EndProject
Project("{FAE04EC0-301F-11D3-BF4B-00C04F79EFBC}") = "PracticaMySQLServer", "PracticaMySQLServer\PracticaMySQLServer.csproj", "{9019D645-EA84-4C86-814D-E4416758E648}"
EndProject
Global
	GlobalSection(SolutionConfigurationPlatforms) = preSolution
		Debug|Any CPU = Debug|Any CPU
		Release|Any CPU = Release|Any CPU
	EndGlobalSection
	GlobalSection(ProjectConfigurationPlatforms) = postSolution
		{B02EEFEE-82CC-42C1-9428-E26F205E20B0}.Debug|Any CPU.ActiveCfg = Debug|Any CPU
		{B02EEFEE-82CC-42C1-9428-E26F205E20B0}.Debug|Any CPU.Build.0 = Debug|Any CPU
		{B02EEFEE-82CC-42C1-9428-E26F205E20B0}.Release|Any CPU.ActiveCfg = Release|Any CPU
		{B02EEFEE-82CC-42C1-9428-E26F205E20B0}.Release|Any CPU.Build.0 = Release|Any CPU
		{9019D645-EA84-4C86-814D-E4416758E648}.Debug|Any CPU.ActiveCfg = Debug|Any CPU
		{9019D645-EA84-4C86-814D-E4416758E648}.Debug|Any CPU.Build.0 = Debug|Any CPU
		{9019D645-EA84-4C86-814D-E4416758E648}.Release|Any CPU.ActiveCfg = Release|Any CPU
		{9019D645-EA84-4C86-814D-E4416758E648}.Release|Any CPU.Build.0 = Release|Any CPU
	EndGlobalSection
	GlobalSection(SolutionProperties) = preSolution
		HideSolutionNode = FALSE
	EndGlobalSection
	GlobalSection(ExtensibilityGlobals) = postSolution
		SolutionGuid = {8C899F3B-714E-4592-A717-3E9A510AF707}
	EndGlobalSection
EndGlobal
